// !$*UTF8*$!
{
	archiveVersion = 1;
	classes = {
	};
	objectVersion = 56;
	objects = {

/* Begin PBXBuildFile section */
		6E6AB2DE2F31B848008F4143 /* Package.resolved in Resources */ = {isa = PBXBuildFile; fileRef = 6E6AB2DD2F31B848008F4143 /* Package.resolved */; };
		6E92902D2F26C4CF00DF5C62 /* .gitignore in Resources */ = {isa = PBXBuildFile; fileRef = 6E92902C2F26C4CF00DF5C62 /* .gitignore */; };
		6ED7AC7A2F302BA6000E65B1 /* BANNER_AD_INTEGRATION.md in Resources */ = {isa = PBXBuildFile; fileRef = 6ED7AC732F302BA6000E65B1 /* BANNER_AD_INTEGRATION.md */; };
		6ED7AC7B2F302BA6000E65B1 /* CONVERSION-SUMMARY.md in Resources */ = {isa = PBXBuildFile; fileRef = 6ED7AC742F302BA6000E65B1 /* CONVERSION-SUMMARY.md */; };
		6ED7AC7C2F302BA6000E65B1 /* README 2.md in Resources */ = {isa = PBXBuildFile; fileRef = 6ED7AC772F302BA6000E65B1 /* README 2.md */; };
		6ED7AC7D2F302BA6000E65B1 /* README.md in Resources */ = {isa = PBXBuildFile; fileRef = 6ED7AC762F302BA6000E65B1 /* README.md */; };
		6ED7AC7E2F302BA6000E65B1 /* Secrets.plist.example in Resources */ = {isa = PBXBuildFile; fileRef = 6ED7AC782F302BA6000E65B1 /* Secrets.plist.example */; };
		6ED7AC7F2F302BA6000E65B1 /* QUICKSTART.md in Resources */ = {isa = PBXBuildFile; fileRef = 6ED7AC752F302BA6000E65B1 /* QUICKSTART.md */; };
		6ED9963A2F3089CE00FCFA8E /* GoogleMobileAds in Frameworks */ = {isa = PBXBuildFile; productRef = 6ED996392F3089CE00FCFA8E /* GoogleMobileAds */; };
		6EE149002F300ECD00CFE9BA /* GoogleMobileAds in Frameworks */ = {isa = PBXBuildFile; productRef = 6EE148FF2F300ECD00CFE9BA /* GoogleMobileAds */; };
		6EE1490B2F300F0A00CFE9BA /* BannerAdView.swift in Sources */ = {isa = PBXBuildFile; fileRef = 6EE149032F300F0A00CFE9BA /* BannerAdView.swift */; };
		6EE1490C2F300F0A00CFE9BA /* ATTAuthorization.swift in Sources */ = {isa = PBXBuildFile; fileRef = 6EE149012F300F0A00CFE9BA /* ATTAuthorization.swift */; };
		6EE1490D2F300F0A00CFE9BA /* generate_app_icons.sh in Resources */ = {isa = PBXBuildFile; fileRef = 6EE149052F300F0A00CFE9BA /* generate_app_icons.sh */; };
		6EE149132F300F0A00CFE9BA /* generate_secrets_plist.sh in Resources */ = {isa = PBXBuildFile; fileRef = 6EE149082F300F0A00CFE9BA /* generate_secrets_plist.sh */; };
		AA0000000001 /* CreoleTranslatorApp.swift in Sources */ = {isa = PBXBuildFile; fileRef = AA0000000002 /* CreoleTranslatorApp.swift */; };
		AA0000000003 /* ContentView.swift in Sources */ = {isa = PBXBuildFile; fileRef = AA0000000004 /* ContentView.swift */; };
		AA0000000005 /* AudioRecorder.swift in Sources */ = {isa = PBXBuildFile; fileRef = AA0000000006 /* AudioRecorder.swift */; };
		AA0000000007 /* GroqService.swift in Sources */ = {isa = PBXBuildFile; fileRef = AA0000000008 /* GroqService.swift */; };
		AA0000000009 /* Assets.xcassets in Resources */ = {isa = PBXBuildFile; fileRef = AA0000000010 /* Assets.xcassets */; };
		AA0000000027 /* Secrets.swift in Sources */ = {isa = PBXBuildFile; fileRef = AA0000000028 /* Secrets.swift */; };
/* End PBXBuildFile section */

/* Begin PBXFileReference section */
		6E176AB72F331098009738C5 /* Secrets.plist */ = {isa = PBXFileReference; lastKnownFileType = text.plist.xml; path = Secrets.plist; sourceTree = "<group>"; };
		6E6AB2DD2F31B848008F4143 /* Package.resolved */ = {isa = PBXFileReference; lastKnownFileType = text; path = Package.resolved; sourceTree = "<group>"; };
		6E92902C2F26C4CF00DF5C62 /* .gitignore */ = {isa = PBXFileReference; lastKnownFileType = text; path = .gitignore; sourceTree = "<group>"; };
		6ED7AC732F302BA6000E65B1 /* BANNER_AD_INTEGRATION.md */ = {isa = PBXFileReference; lastKnownFileType = net.daringfireball.markdown; path = BANNER_AD_INTEGRATION.md; sourceTree = "<group>"; };
		6ED7AC742F302BA6000E65B1 /* CONVERSION-SUMMARY.md */ = {isa = PBXFileReference; lastKnownFileType = net.daringfireball.markdown; path = "CONVERSION-SUMMARY.md"; sourceTree = "<group>"; };
		6ED7AC752F302BA6000E65B1 /* QUICKSTART.md */ = {isa = PBXFileReference; lastKnownFileType = net.daringfireball.markdown; path = QUICKSTART.md; sourceTree = "<group>"; };
		6ED7AC762F302BA6000E65B1 /* README.md */ = {isa = PBXFileReference; lastKnownFileType = net.daringfireball.markdown; path = README.md; sourceTree = "<group>"; };
		6ED7AC772F302BA6000E65B1 /* README 2.md */ = {isa = PBXFileReference; lastKnownFileType = net.daringfireball.markdown; path = "README 2.md"; sourceTree = "<group>"; };
		6ED7AC782F302BA6000E65B1 /* Secrets.plist.example */ = {isa = PBXFileReference; lastKnownFileType = text.xml; path = Secrets.plist.example; sourceTree = "<group>"; };
		6EE149012F300F0A00CFE9BA /* ATTAuthorization.swift */ = {isa = PBXFileReference; lastKnownFileType = sourcecode.swift; path = ATTAuthorization.swift; sourceTree = "<group>"; };
		6EE149032F300F0A00CFE9BA /* BannerAdView.swift */ = {isa = PBXFileReference; lastKnownFileType = sourcecode.swift; path = BannerAdView.swift; sourceTree = "<group>"; };
		6EE149052F300F0A00CFE9BA /* generate_app_icons.sh */ = {isa = PBXFileReference; lastKnownFileType = text.script.sh; path = generate_app_icons.sh; sourceTree = "<group>"; };
		6EE149082F300F0A00CFE9BA /* generate_secrets_plist.sh */ = {isa = PBXFileReference; lastKnownFileType = text.script.sh; path = generate_secrets_plist.sh; sourceTree = "<group>"; };
		AA0000000002 /* CreoleTranslatorApp.swift */ = {isa = PBXFileReference; lastKnownFileType = sourcecode.swift; path = CreoleTranslatorApp.swift; sourceTree = "<group>"; };
		AA0000000004 /* ContentView.swift */ = {isa = PBXFileReference; lastKnownFileType = sourcecode.swift; path = ContentView.swift; sourceTree = "<group>"; };
		AA0000000006 /* AudioRecorder.swift */ = {isa = PBXFileReference; lastKnownFileType = sourcecode.swift; path = AudioRecorder.swift; sourceTree = "<group>"; };
		AA0000000008 /* GroqService.swift */ = {isa = PBXFileReference; lastKnownFileType = sourcecode.swift; path = GroqService.swift; sourceTree = "<group>"; };
		AA0000000010 /* Assets.xcassets */ = {isa = PBXFileReference; lastKnownFileType = folder.assetcatalog; path = Assets.xcassets; sourceTree = "<group>"; };
		AA0000000011 /* CreoleTranslator.app */ = {isa = PBXFileReference; explicitFileType = wrapper.application; includeInIndex = 0; path = CreoleTranslator.app; sourceTree = BUILT_PRODUCTS_DIR; };
		AA0000000012 /* Info.plist */ = {isa = PBXFileReference; lastKnownFileType = text.plist.xml; path = Info.plist; sourceTree = "<group>"; };
		AA0000000028 /* Secrets.swift */ = {isa = PBXFileReference; lastKnownFileType = sourcecode.swift; path = Secrets.swift; sourceTree = "<group>"; };
/* End PBXFileReference section */

/* Begin PBXFrameworksBuildPhase section */
		AA0000000013 /* Frameworks */ = {
			isa = PBXFrameworksBuildPhase;
			buildActionMask = 2147483647;
			files = (
				6ED9963A2F3089CE00FCFA8E /* GoogleMobileAds in Frameworks */,
				6EE149002F300ECD00CFE9BA /* GoogleMobileAds in Frameworks */,
			);
			runOnlyForDeploymentPostprocessing = 0;
		};
/* End PBXFrameworksBuildPhase section */

/* Begin PBXGroup section */
		6ED7AC792F302BA6000E65B1 /* Docs */ = {
			isa = PBXGroup;
			children = (
				6ED7AC732F302BA6000E65B1 /* BANNER_AD_INTEGRATION.md */,
				6ED7AC742F302BA6000E65B1 /* CONVERSION-SUMMARY.md */,
				6ED7AC752F302BA6000E65B1 /* QUICKSTART.md */,
				6ED7AC762F302BA6000E65B1 /* README.md */,
				6ED7AC772F302BA6000E65B1 /* README 2.md */,
				6ED7AC782F302BA6000E65B1 /* Secrets.plist.example */,
			);
			path = Docs;
			sourceTree = "<group>";
		};
		6EE149092F300F0A00CFE9BA /* scripts */ = {
			isa = PBXGroup;
			children = (
				6EE149082F300F0A00CFE9BA /* generate_secrets_plist.sh */,
				6EE149052F300F0A00CFE9BA /* generate_app_icons.sh */,
			);
			path = scripts;
			sourceTree = "<group>";
		};
		AA0000000014 = {
			isa = PBXGroup;
			children = (
				6ED7AC792F302BA6000E65B1 /* Docs */,
				6EE149092F300F0A00CFE9BA /* scripts */,
				6EE149032F300F0A00CFE9BA /* BannerAdView.swift */,
				6EE149012F300F0A00CFE9BA /* ATTAuthorization.swift */,
				AA0000000002 /* CreoleTranslatorApp.swift */,
				AA0000000004 /* ContentView.swift */,
				AA0000000006 /* AudioRecorder.swift */,
				AA0000000008 /* GroqService.swift */,
				AA0000000028 /* Secrets.swift */,
				AA0000000010 /* Assets.xcassets */,
				6E176AB72F331098009738C5 /* Secrets.plist */,
				AA0000000012 /* Info.plist */,
				AA0000000016 /* Products */,
				6E92902C2F26C4CF00DF5C62 /* .gitignore */,
				6E6AB2DD2F31B848008F4143 /* Package.resolved */,
			);
			sourceTree = "<group>";
		};
		AA0000000016 /* Products */ = {
			isa = PBXGroup;
			children = (
				AA0000000011 /* CreoleTranslator.app */,
			);
			name = Products;
			sourceTree = "<group>";
		};
/* End PBXGroup section */

/* Begin PBXNativeTarget section */
		AA0000000017 /* CreoleTranslator */ = {
			isa = PBXNativeTarget;
			buildConfigurationList = AA0000000018 /* Build configuration list for PBXNativeTarget "CreoleTranslator" */;
			buildPhases = (
				AA0000000019 /* Sources */,
				AA0000000013 /* Frameworks */,
				AA0000000020 /* Resources */,
				6E176AB62F328BAF009738C5 /* Generate Secrets */,
			);
			buildRules = (
			);
			dependencies = (
			);
			name = CreoleTranslator;
			productName = CreoleTranslator;
			productReference = AA0000000011 /* CreoleTranslator.app */;
			productType = "com.apple.product-type.application";
		};
/* End PBXNativeTarget section */

/* Begin PBXProject section */
		AA0000000021 /* Project object */ = {
			isa = PBXProject;
			attributes = {
				BuildIndependentTargetsInParallel = 1;
				LastSwiftUpdateCheck = 1500;
				LastUpgradeCheck = 2620;
				TargetAttributes = {
					AA0000000017 = {
						CreatedOnToolsVersion = 15.0;
					};
				};
			};
			buildConfigurationList = AA0000000022 /* Build configuration list for PBXProject "CreoleTranslator" */;
			compatibilityVersion = "Xcode 14.0";
			developmentRegion = en;
			hasScannedForEncodings = 0;
			knownRegions = (
				en,
				Base,
			);
			mainGroup = AA0000000014;
			packageReferences = (
				6ED996382F3089CE00FCFA8E /* XCRemoteSwiftPackageReference "swift-package-manager-google-mobile-ads" */,
			);
			productRefGroup = AA0000000016 /* Products */;
			projectDirPath = "";
			projectRoot = "";
			targets = (
				AA0000000017 /* CreoleTranslator */,
			);
		};
/* End PBXProject section */

/* Begin PBXResourcesBuildPhase section */
		AA0000000020 /* Resources */ = {
			isa = PBXResourcesBuildPhase;
			buildActionMask = 2147483647;
			files = (
				6E92902D2F26C4CF00DF5C62 /* .gitignore in Resources */,
				6ED7AC7A2F302BA6000E65B1 /* BANNER_AD_INTEGRATION.md in Resources */,
				6ED7AC7B2F302BA6000E65B1 /* CONVERSION-SUMMARY.md in Resources */,
				6ED7AC7C2F302BA6000E65B1 /* README 2.md in Resources */,
				6ED7AC7D2F302BA6000E65B1 /* README.md in Resources */,
				6ED7AC7E2F302BA6000E65B1 /* Secrets.plist.example in Resources */,
				6ED7AC7F2F302BA6000E65B1 /* QUICKSTART.md in Resources */,
				6EE1490D2F300F0A00CFE9BA /* generate_app_icons.sh in Resources */,
				6EE149132F300F0A00CFE9BA /* generate_secrets_plist.sh in Resources */,
				AA0000000009 /* Assets.xcassets in Resources */,
				6E6AB2DE2F31B848008F4143 /* Package.resolved in Resources */,
			);
			runOnlyForDeploymentPostprocessing = 0;
		};
/* End PBXResourcesBuildPhase section */

/* Begin PBXShellScriptBuildPhase section */
		6E176AB62F328BAF009738C5 /* Inject Secrets Pre-Build */ = {
			isa = PBXShellScriptBuildPhase;
			alwaysOutOfDate = 1;
			buildActionMask = 2147483647;
			files = (
			);
			inputFileListPaths = (
			);
			inputPaths = (
			);
			name = "Inject Secrets Pre-Build";
			outputFileListPaths = (
			);
			outputPaths = (
			);
			runOnlyForDeploymentPostprocessing = 0;
			shellPath = /bin/bash;
			shellScript = "# Inject API key before compilation\n\"${SRCROOT}/scripts/inject_secrets_prebuild.sh\"\n";
			showEnvVarsInLog = 0;
		};
/* End PBXShellScriptBuildPhase section */

/* Begin PBXSourcesBuildPhase section */
		AA0000000019 /* Sources */ = {
			isa = PBXSourcesBuildPhase;
			buildActionMask = 2147483647;
			files = (
				6EE1490B2F300F0A00CFE9BA /* BannerAdView.swift in Sources */,
				6EE1490C2F300F0A00CFE9BA /* ATTAuthorization.swift in Sources */,
				AA0000000003 /* ContentView.swift in Sources */,
				AA0000000005 /* AudioRecorder.swift in Sources */,
				AA0000000007 /* GroqService.swift in Sources */,
				AA0000000027 /* Secrets.swift in Sources */,
				AA0000000001 /* CreoleTranslatorApp.swift in Sources */,
			);
			runOnlyForDeploymentPostprocessing = 0;
		};
/* End PBXSourcesBuildPhase section */

/* Begin XCBuildConfiguration section */
		AA0000000023 /* Debug */ = {
			isa = XCBuildConfiguration;
			buildSettings = {
				ALWAYS_SEARCH_USER_PATHS = NO;
				ASSETCATALOG_COMPILER_GENERATE_SWIFT_ASSET_SYMBOL_EXTENSIONS = YES;
				CLANG_ANALYZER_NONNULL = YES;
				CLANG_ANALYZER_NUMBER_OBJECT_CONVERSION = YES_AGGRESSIVE;
				CLANG_CXX_LANGUAGE_STANDARD = "gnu++20";
				CLANG_ENABLE_MODULES = YES;
				CLANG_ENABLE_OBJC_ARC = YES;
				CLANG_ENABLE_OBJC_WEAK = YES;
				CLANG_WARN_BLOCK_CAPTURE_AUTORELEASING = YES;
				CLANG_WARN_BOOL_CONVERSION = YES;
				CLANG_WARN_COMMA = YES;
				CLANG_WARN_CONSTANT_CONVERSION = YES;
				CLANG_WARN_DEPRECATED_OBJC_IMPLEMENTATIONS = YES;
				CLANG_WARN_DIRECT_OBJC_ISA_USAGE = YES_ERROR;
				CLANG_WARN_DOCUMENTATION_COMMENTS = YES;
				CLANG_WARN_EMPTY_BODY = YES;
				CLANG_WARN_ENUM_CONVERSION = YES;
				CLANG_WARN_INFINITE_RECURSION = YES;
				CLANG_WARN_INT_CONVERSION = YES;
				CLANG_WARN_NON_LITERAL_NULL_CONVERSION = YES;
				CLANG_WARN_OBJC_IMPLICIT_RETAIN_SELF = YES;
				CLANG_WARN_OBJC_LITERAL_CONVERSION = YES;
				CLANG_WARN_OBJC_ROOT_CLASS = YES_ERROR;
				CLANG_WARN_QUOTED_INCLUDE_IN_FRAMEWORK_HEADER = YES;
				CLANG_WARN_RANGE_LOOP_ANALYSIS = YES;
				CLANG_WARN_STRICT_PROTOTYPES = YES;
				CLANG_WARN_SUSPICIOUS_MOVE = YES;
				CLANG_WARN_UNGUARDED_AVAILABILITY = YES_AGGRESSIVE;
				CLANG_WARN_UNREACHABLE_CODE = YES;
				CLANG_WARN__DUPLICATE_METHOD_MATCH = YES;
				COPY_PHASE_STRIP = NO;
				DEBUG_INFORMATION_FORMAT = dwarf;
				DEVELOPMENT_TEAM = G3P9A8Z2NP;
				ENABLE_STRICT_OBJC_MSGSEND = YES;
				ENABLE_TESTABILITY = YES;
				ENABLE_USER_SCRIPT_SANDBOXING = YES;
				GCC_C_LANGUAGE_STANDARD = gnu17;
				GCC_DYNAMIC_NO_PIC = NO;
				GCC_NO_COMMON_BLOCKS = YES;
				GCC_OPTIMIZATION_LEVEL = 0;
				GCC_PREPROCESSOR_DEFINITIONS = (
					"DEBUG=1",
					"$(inherited)",
				);
				GCC_WARN_64_TO_32_BIT_CONVERSION = YES;
				GCC_WARN_ABOUT_RETURN_TYPE = YES_ERROR;
				GCC_WARN_UNDECLARED_SELECTOR = YES;
				GCC_WARN_UNINITIALIZED_AUTOS = YES_AGGRESSIVE;
				GCC_WARN_UNUSED_FUNCTION = YES;
				GCC_WARN_UNUSED_VARIABLE = YES;
				IPHONEOS_DEPLOYMENT_TARGET = 15.0;
				LOCALIZATION_PREFERS_STRING_CATALOGS = YES;
				MTL_ENABLE_DEBUG_INFO = INCLUDE_SOURCE;
				MTL_FAST_MATH = YES;
				ONLY_ACTIVE_ARCH = YES;
				SDKROOT = iphoneos;
				STRING_CATALOG_GENERATE_SYMBOLS = YES;
				SWIFT_ACTIVE_COMPILATION_CONDITIONS = "DEBUG $(inherited)";
				SWIFT_OPTIMIZATION_LEVEL = "-Onone";
			};
			name = Debug;
		};
		AA0000000024 /* Release */ = {
			isa = XCBuildConfiguration;
			buildSettings = {
				ALWAYS_SEARCH_USER_PATHS = NO;
				ASSETCATALOG_COMPILER_GENERATE_SWIFT_ASSET_SYMBOL_EXTENSIONS = YES;
				CLANG_ANALYZER_NONNULL = YES;
				CLANG_ANALYZER_NUMBER_OBJECT_CONVERSION = YES_AGGRESSIVE;
				CLANG_CXX_LANGUAGE_STANDARD = "gnu++20";
				CLANG_ENABLE_MODULES = YES;
				CLANG_ENABLE_OBJC_ARC = YES;
				CLANG_ENABLE_OBJC_WEAK = YES;
				CLANG_WARN_BLOCK_CAPTURE_AUTORELEASING = YES;
				CLANG_WARN_BOOL_CONVERSION = YES;
				CLANG_WARN_COMMA = YES;
				CLANG_WARN_CONSTANT_CONVERSION = YES;
				CLANG_WARN_DEPRECATED_OBJC_IMPLEMENTATIONS = YES;
				CLANG_WARN_DIRECT_OBJC_ISA_USAGE = YES_ERROR;
				CLANG_WARN_DOCUMENTATION_COMMENTS = YES;
				CLANG_WARN_EMPTY_BODY = YES;
				CLANG_WARN_ENUM_CONVERSION = YES;
				CLANG_WARN_INFINITE_RECURSION = YES;
				CLANG_WARN_INT_CONVERSION = YES;
				CLANG_WARN_NON_LITERAL_NULL_CONVERSION = YES;
				CLANG_WARN_OBJC_IMPLICIT_RETAIN_SELF = YES;
				CLANG_WARN_OBJC_LITERAL_CONVERSION = YES;
				CLANG_WARN_OBJC_ROOT_CLASS = YES_ERROR;
				CLANG_WARN_QUOTED_INCLUDE_IN_FRAMEWORK_HEADER = YES;
				CLANG_WARN_RANGE_LOOP_ANALYSIS = YES;
				CLANG_WARN_STRICT_PROTOTYPES = YES;
				CLANG_WARN_SUSPICIOUS_MOVE = YES;
				CLANG_WARN_UNGUARDED_AVAILABILITY = YES_AGGRESSIVE;
				CLANG_WARN_UNREACHABLE_CODE = YES;
				CLANG_WARN__DUPLICATE_METHOD_MATCH = YES;
				COPY_PHASE_STRIP = NO;
				DEBUG_INFORMATION_FORMAT = "dwarf-with-dsym";
				DEVELOPMENT_TEAM = G3P9A8Z2NP;
				ENABLE_NS_ASSERTIONS = NO;
				ENABLE_STRICT_OBJC_MSGSEND = YES;
				ENABLE_USER_SCRIPT_SANDBOXING = YES;
				GCC_C_LANGUAGE_STANDARD = gnu17;
				GCC_NO_COMMON_BLOCKS = YES;
				GCC_WARN_64_TO_32_BIT_CONVERSION = YES;
				GCC_WARN_ABOUT_RETURN_TYPE = YES_ERROR;
				GCC_WARN_UNDECLARED_SELECTOR = YES;
				GCC_WARN_UNINITIALIZED_AUTOS = YES_AGGRESSIVE;
				GCC_WARN_UNUSED_FUNCTION = YES;
				GCC_WARN_UNUSED_VARIABLE = YES;
				IPHONEOS_DEPLOYMENT_TARGET = 15.0;
				LOCALIZATION_PREFERS_STRING_CATALOGS = YES;
				MTL_ENABLE_DEBUG_INFO = NO;
				MTL_FAST_MATH = YES;
				SDKROOT = iphoneos;
				STRING_CATALOG_GENERATE_SYMBOLS = YES;
				SWIFT_COMPILATION_MODE = wholemodule;
				VALIDATE_PRODUCT = YES;
			};
			name = Release;
		};
		AA0000000025 /* Debug */ = {
			isa = XCBuildConfiguration;
			buildSettings = {
				ASSETCATALOG_COMPILER_APPICON_NAME = AppIcon;
				ASSETCATALOG_COMPILER_GLOBAL_ACCENT_COLOR_NAME = AccentColor;
				CODE_SIGN_STYLE = Automatic;
				CURRENT_PROJECT_VERSION = 1;
				DEVELOPMENT_ASSET_PATHS = "";
				DEVELOPMENT_TEAM = G3P9A8Z2NP;
				ENABLE_PREVIEWS = YES;
				GENERATE_INFOPLIST_FILE = NO;
				INFOPLIST_FILE = Info.plist;
				INFOPLIST_KEY_CFBundleDisplayName = "Creole Translator";
				INFOPLIST_KEY_LSApplicationCategoryType = "public.app-category.productivity";
				INFOPLIST_KEY_UIApplicationSceneManifest_Generation = YES;
				INFOPLIST_KEY_UIApplicationSupportsIndirectInputEvents = YES;
				INFOPLIST_KEY_UILaunchScreen_Generation = YES;
				INFOPLIST_KEY_UISupportedInterfaceOrientations = "UIInterfaceOrientationPortrait UIInterfaceOrientationLandscapeLeft UIInterfaceOrientationLandscapeRight";
				INFOPLIST_KEY_UISupportedInterfaceOrientations_iPad = "UIInterfaceOrientationPortrait UIInterfaceOrientationPortraitUpsideDown UIInterfaceOrientationLandscapeLeft UIInterfaceOrientationLandscapeRight";
				IPHONEOS_DEPLOYMENT_TARGET = 15.0;
				LD_RUNPATH_SEARCH_PATHS = (
					"$(inherited)",
					"@executable_path/Frameworks",
				);
				MARKETING_VERSION = 1.953;
				PRODUCT_BUNDLE_IDENTIFIER = com.jbaker.CreoleTranslator;
				PRODUCT_NAME = "$(TARGET_NAME)";
				SWIFT_EMIT_LOC_STRINGS = YES;
				SWIFT_VERSION = 5.0;
				TARGETED_DEVICE_FAMILY = "1,2";
			};
			name = Debug;
		};
		AA0000000026 /* Release */ = {
			isa = XCBuildConfiguration;
			buildSettings = {
				ASSETCATALOG_COMPILER_APPICON_NAME = AppIcon;
				ASSETCATALOG_COMPILER_GLOBAL_ACCENT_COLOR_NAME = AccentColor;
				CODE_SIGN_STYLE = Automatic;
				CURRENT_PROJECT_VERSION = 1;
				DEVELOPMENT_ASSET_PATHS = "";
				DEVELOPMENT_TEAM = G3P9A8Z2NP;
				ENABLE_PREVIEWS = YES;
				GENERATE_INFOPLIST_FILE = NO;
				INFOPLIST_FILE = Info.plist;
				INFOPLIST_KEY_CFBundleDisplayName = "Creole Translator";
				INFOPLIST_KEY_LSApplicationCategoryType = "public.app-category.productivity";
				INFOPLIST_KEY_UIApplicationSceneManifest_Generation = YES;
				INFOPLIST_KEY_UIApplicationSupportsIndirectInputEvents = YES;
				INFOPLIST_KEY_UILaunchScreen_Generation = YES;
				INFOPLIST_KEY_UISupportedInterfaceOrientations = "UIInterfaceOrientationPortrait UIInterfaceOrientationLandscapeLeft UIInterfaceOrientationLandscapeRight";
				INFOPLIST_KEY_UISupportedInterfaceOrientations_iPad = "UIInterfaceOrientationPortrait UIInterfaceOrientationPortraitUpsideDown UIInterfaceOrientationLandscapeLeft UIInterfaceOrientationLandscapeRight";
				IPHONEOS_DEPLOYMENT_TARGET = 15.0;
				LD_RUNPATH_SEARCH_PATHS = (
					"$(inherited)",
					"@executable_path/Frameworks",
				);
				MARKETING_VERSION = 1.953;
				PRODUCT_BUNDLE_IDENTIFIER = com.jbaker.CreoleTranslator;
				PRODUCT_NAME = "$(TARGET_NAME)";
				SWIFT_EMIT_LOC_STRINGS = YES;
				SWIFT_VERSION = 5.0;
				TARGETED_DEVICE_FAMILY = "1,2";
			};
			name = Release;
		};
/* End XCBuildConfiguration section */

/* Begin XCConfigurationList section */
		AA0000000018 /* Build configuration list for PBXNativeTarget "CreoleTranslator" */ = {
			isa = XCConfigurationList;
			buildConfigurations = (
				AA0000000025 /* Debug */,
				AA0000000026 /* Release */,
			);
			defaultConfigurationIsVisible = 0;
			defaultConfigurationName = Release;
		};
		AA0000000022 /* Build configuration list for PBXProject "CreoleTranslator" */ = {
			isa = XCConfigurationList;
			buildConfigurations = (
				AA0000000023 /* Debug */,
				AA0000000024 /* Release */,
			);
			defaultConfigurationIsVisible = 0;
			defaultConfigurationName = Release;
		};
/* End XCConfigurationList section */

/* Begin XCRemoteSwiftPackageReference section */
		6ED996382F3089CE00FCFA8E /* XCRemoteSwiftPackageReference "swift-package-manager-google-mobile-ads" */ = {
			isa = XCRemoteSwiftPackageReference;
			repositoryURL = "https://github.com/googleads/swift-package-manager-google-mobile-ads";
			requirement = {
				kind = upToNextMajorVersion;
				minimumVersion = 12.14.0;
			};
		};
		6EE148FE2F300ECD00CFE9BA /* XCRemoteSwiftPackageReference "swift-package-manager-google-mobile-ads" */ = {
			isa = XCRemoteSwiftPackageReference;
			repositoryURL = "https://github.com/googleads/swift-package-manager-google-mobile-ads";
			requirement = {
				kind = upToNextMajorVersion;
				minimumVersion = 12.14.0;
			};
		};
/* End XCRemoteSwiftPackageReference section */

/* Begin XCSwiftPackageProductDependency section */
		6ED996392F3089CE00FCFA8E /* GoogleMobileAds */ = {
			isa = XCSwiftPackageProductDependency;
			package = 6ED996382F3089CE00FCFA8E /* XCRemoteSwiftPackageReference "swift-package-manager-google-mobile-ads" */;
			productName = GoogleMobileAds;
		};
		6EE148FF2F300ECD00CFE9BA /* GoogleMobileAds */ = {
			isa = XCSwiftPackageProductDependency;
			package = 6EE148FE2F300ECD00CFE9BA /* XCRemoteSwiftPackageReference "swift-package-manager-google-mobile-ads" */;
			productName = GoogleMobileAds;
		};
/* End XCSwiftPackageProductDependency section */
	};
	rootObject = AA0000000021 /* Project object */;
}
